
Microsoft Visual Studio Solution File, Format Version 12.00
# Visual Studio Version 17
VisualStudioVersion = 17.1.32228.430
MinimumVisualStudioVersion = 10.0.40219.1
Project("{FAE04EC0-301F-11D3-BF4B-00C04F79EFBC}") = "BalancedSearchTreesMadeSimple.Exe", "BalancedSearchTreesMadeSimple.Exe\BalancedSearchTreesMadeSimple.Exe.csproj", "{4A19F57E-A615-468C-B8B0-356EDF1EBF3B}"
EndProject
Project("{FAE04EC0-301F-11D3-BF4B-00C04F79EFBC}") = "BalancedSearchTreesMadeSimple.Test", "BalancedSearchTreesMadeSimple.Test\BalancedSearchTreesMadeSimple.Test.csproj", "{454BD093-7473-434B-AEAA-0D2930F55FD2}"
EndProject
Project("{FAE04EC0-301F-11D3-BF4B-00C04F79EFBC}") = "BalancedSearchTreesMadeSimple.Lib", "BalancedSearchTreesMadeSimple.Lib\BalancedSearchTreesMadeSimple.Lib.csproj", "{602AD275-589B-46DE-BFE5-B9A5624A984B}"
EndProject
Global
	GlobalSection(SolutionConfigurationPlatforms) = preSolution
		Debug|Any CPU = Debug|Any CPU
		Release|Any CPU = Release|Any CPU
	EndGlobalSection
	GlobalSection(ProjectConfigurationPlatforms) = postSolution
		{4A19F57E-A615-468C-B8B0-356EDF1EBF3B}.Debug|Any CPU.ActiveCfg = Debug|Any CPU
		{4A19F57E-A615-468C-B8B0-356EDF1EBF3B}.Debug|Any CPU.Build.0 = Debug|Any CPU
		{4A19F57E-A615-468C-B8B0-356EDF1EBF3B}.Release|Any CPU.ActiveCfg = Release|Any CPU
		{4A19F57E-A615-468C-B8B0-356EDF1EBF3B}.Release|Any CPU.Build.0 = Release|Any CPU
		{454BD093-7473-434B-AEAA-0D2930F55FD2}.Debug|Any CPU.ActiveCfg = Debug|Any CPU
		{454BD093-7473-434B-AEAA-0D2930F55FD2}.Debug|Any CPU.Build.0 = Debug|Any CPU
		{454BD093-7473-434B-AEAA-0D2930F55FD2}.Release|Any CPU.ActiveCfg = Release|Any CPU
		{454BD093-7473-434B-AEAA-0D2930F55FD2}.Release|Any CPU.Build.0 = Release|Any CPU
		{602AD275-589B-46DE-BFE5-B9A5624A984B}.Debug|Any CPU.ActiveCfg = Debug|Any CPU
		{602AD275-589B-46DE-BFE5-B9A5624A984B}.Debug|Any CPU.Build.0 = Debug|Any CPU
		{602AD275-589B-46DE-BFE5-B9A5624A984B}.Release|Any CPU.ActiveCfg = Release|Any CPU
		{602AD275-589B-46DE-BFE5-B9A5624A984B}.Release|Any CPU.Build.0 = Release|Any CPU
	EndGlobalSection
	GlobalSection(SolutionProperties) = preSolution
		HideSolutionNode = FALSE
	EndGlobalSection
	GlobalSection(ExtensibilityGlobals) = postSolution
		SolutionGuid = {632F681B-5347-4F6A-8F0F-2CE874F3E40F}
	EndGlobalSection
EndGlobal
